
Microsoft Visual Studio Solution File, Format Version 12.00
# Visual Studio Version 16
VisualStudioVersion = 16.0.29709.97
MinimumVisualStudioVersion = 10.0.40219.1
Project("{9A19103F-16F7-4668-BE54-9A1E7A4F7556}") = "MapProject", "MapProject\MapProject.csproj", "{789DBA5C-ED69-42F9-90FD-33647BF8FE7E}"
EndProject
Project("{FAE04EC0-301F-11D3-BF4B-00C04F79EFBC}") = "MapProject.Test.ConsoleApp", "MapProject.Test.ConsoleApp\MapProject.Test.ConsoleApp.csproj", "{7EC52476-85AD-42AD-9C0B-AB69DC35D926}"
EndProject
Project("{FAE04EC0-301F-11D3-BF4B-00C04F79EFBC}") = "MapProject.Test.Forms", "MapProject.Test.Forms\MapProject.Test.Forms.csproj", "{0B27C111-989E-43F1-905E-41C352473AFB}"
EndProject
Global
	GlobalSection(SolutionConfigurationPlatforms) = preSolution
		Debug|Any CPU = Debug|Any CPU
		Release|Any CPU = Release|Any CPU
	EndGlobalSection
	GlobalSection(ProjectConfigurationPlatforms) = postSolution
		{789DBA5C-ED69-42F9-90FD-33647BF8FE7E}.Debug|Any CPU.ActiveCfg = Debug|Any CPU
		{789DBA5C-ED69-42F9-90FD-33647BF8FE7E}.Debug|Any CPU.Build.0 = Debug|Any CPU
		{789DBA5C-ED69-42F9-90FD-33647BF8FE7E}.Release|Any CPU.ActiveCfg = Release|Any CPU
		{789DBA5C-ED69-42F9-90FD-33647BF8FE7E}.Release|Any CPU.Build.0 = Release|Any CPU
		{7EC52476-85AD-42AD-9C0B-AB69DC35D926}.Debug|Any CPU.ActiveCfg = Debug|Any CPU
		{7EC52476-85AD-42AD-9C0B-AB69DC35D926}.Debug|Any CPU.Build.0 = Debug|Any CPU
		{7EC52476-85AD-42AD-9C0B-AB69DC35D926}.Release|Any CPU.ActiveCfg = Release|Any CPU
		{7EC52476-85AD-42AD-9C0B-AB69DC35D926}.Release|Any CPU.Build.0 = Release|Any CPU
		{0B27C111-989E-43F1-905E-41C352473AFB}.Debug|Any CPU.ActiveCfg = Debug|Any CPU
		{0B27C111-989E-43F1-905E-41C352473AFB}.Debug|Any CPU.Build.0 = Debug|Any CPU
		{0B27C111-989E-43F1-905E-41C352473AFB}.Release|Any CPU.ActiveCfg = Release|Any CPU
		{0B27C111-989E-43F1-905E-41C352473AFB}.Release|Any CPU.Build.0 = Release|Any CPU
	EndGlobalSection
	GlobalSection(SolutionProperties) = preSolution
		HideSolutionNode = FALSE
	EndGlobalSection
	GlobalSection(ExtensibilityGlobals) = postSolution
		SolutionGuid = {1859CFC0-68F8-4B06-8090-A580900E5DEA}
	EndGlobalSection
EndGlobal
